github.com/szmcdull/glinq v0.0.0-20240615052931-37d75efe6684 h1:EVDVi49kS3bYz/KdDnynra4yvp4v/VVL/KOdIf7SwcA=
github.com/szmcdull/glinq v0.0.0-20240615052931-37d75efe6684/go.mod h1:iHxDap+sOFfOC2LhGueq9ezJVjivTrS73wfuXFhvt3Y=
golang.org/x/exp v0.0.0-20220218215828-6cf2b201936e h1:iWVPgObh6F4UDtjBLK51zsy5UHTPLQwCmsNjCsbKhQ0=
golang.org/x/exp v0.0.0-20220218215828-6cf2b201936e/go.mod h1:lgLbSvA5ygNOMpwM/9anMpWVlVJ7Z+cHWq/eFuinpGE=
